Microsoft Visual Studio Solution File, Format Version 12.00
# Visual Studio Version 17
VisualStudioVersion = 17.5.2.0
MinimumVisualStudioVersion = 10.0.40219.1
Project("{FAE04EC0-301F-11D3-BF4B-00C04F79EFBC}") = "KnightsCall", "KnightsCall.csproj", "{653CFD35-7585-85BA-7662-B27A3958ACCA}"
EndProject
Global
	GlobalSection(SolutionConfigurationPlatforms) = preSolution
		Debug|Any CPU = Debug|Any CPU
		Release|Any CPU = Release|Any CPU
	EndGlobalSection
	GlobalSection(ProjectConfigurationPlatforms) = postSolution
		{653CFD35-7585-85BA-7662-B27A3958ACCA}.Debug|Any CPU.ActiveCfg = Debug|Any CPU
		{653CFD35-7585-85BA-7662-B27A3958ACCA}.Debug|Any CPU.Build.0 = Debug|Any CPU
		{653CFD35-7585-85BA-7662-B27A3958ACCA}.Release|Any CPU.ActiveCfg = Release|Any CPU
		{653CFD35-7585-85BA-7662-B27A3958ACCA}.Release|Any CPU.Build.0 = Release|Any CPU
	EndGlobalSection
	GlobalSection(SolutionProperties) = preSolution
		HideSolutionNode = FALSE
	EndGlobalSection
	GlobalSection(ExtensibilityGlobals) = postSolution
		SolutionGuid = {EB80B24B-F746-4129-A15F-590DFB84DF0E}
	EndGlobalSection
EndGlobal
